
Microsoft Visual Studio Solution File, Format Version 12.00
# Visual Studio Version 17
VisualStudioVersion = 17.5.33530.505
MinimumVisualStudioVersion = 10.0.40219.1
Project("{FAE04EC0-301F-11D3-BF4B-00C04F79EFBC}") = "Oses", "Oses\Oses.csproj", "{2F6D7B95-13E3-42A8-B56E-15BA3E87E446}"
EndProject
Global
	GlobalSection(SolutionConfigurationPlatforms) = preSolution
		Debug|Any CPU = Debug|Any CPU
		Release|Any CPU = Release|Any CPU
	EndGlobalSection
	GlobalSection(ProjectConfigurationPlatforms) = postSolution
		{2F6D7B95-13E3-42A8-B56E-15BA3E87E446}.Debug|Any CPU.ActiveCfg = Debug|Any CPU
		{2F6D7B95-13E3-42A8-B56E-15BA3E87E446}.Debug|Any CPU.Build.0 = Debug|Any CPU
		{2F6D7B95-13E3-42A8-B56E-15BA3E87E446}.Release|Any CPU.ActiveCfg = Release|Any CPU
		{2F6D7B95-13E3-42A8-B56E-15BA3E87E446}.Release|Any CPU.Build.0 = Release|Any CPU
	EndGlobalSection
	GlobalSection(SolutionProperties) = preSolution
		HideSolutionNode = FALSE
	EndGlobalSection
	GlobalSection(ExtensibilityGlobals) = postSolution
		SolutionGuid = {844033E6-C45E-4B6D-9B46-90C9B2D841A9}
	EndGlobalSection
EndGlobal
